
Microsoft Visual Studio Solution File, Format Version 12.00
# Visual Studio Version 17
VisualStudioVersion = 17.3.32901.215
MinimumVisualStudioVersion = 10.0.40219.1
Project("{FAE04EC0-301F-11D3-BF4B-00C04F79EFBC}") = "ConvertAccesssToExcel", "ConvertAccesssToExcel\ConvertAccesssToExcel.csproj", "{97B54EA8-1AB4-4B2B-8A12-5D6907B510B3}"
EndProject
Global
	GlobalSection(SolutionConfigurationPlatforms) = preSolution
		Debug|Any CPU = Debug|Any CPU
		Debug|x64 = Debug|x64
		Release|Any CPU = Release|Any CPU
		Release|x64 = Release|x64
	EndGlobalSection
	GlobalSection(ProjectConfigurationPlatforms) = postSolution
		{97B54EA8-1AB4-4B2B-8A12-5D6907B510B3}.Debug|Any CPU.ActiveCfg = Debug|Any CPU
		{97B54EA8-1AB4-4B2B-8A12-5D6907B510B3}.Debug|Any CPU.Build.0 = Debug|Any CPU
		{97B54EA8-1AB4-4B2B-8A12-5D6907B510B3}.Debug|x64.ActiveCfg = Debug|x64
		{97B54EA8-1AB4-4B2B-8A12-5D6907B510B3}.Debug|x64.Build.0 = Debug|x64
		{97B54EA8-1AB4-4B2B-8A12-5D6907B510B3}.Release|Any CPU.ActiveCfg = Release|Any CPU
		{97B54EA8-1AB4-4B2B-8A12-5D6907B510B3}.Release|Any CPU.Build.0 = Release|Any CPU
		{97B54EA8-1AB4-4B2B-8A12-5D6907B510B3}.Release|x64.ActiveCfg = Release|x64
		{97B54EA8-1AB4-4B2B-8A12-5D6907B510B3}.Release|x64.Build.0 = Release|x64
	EndGlobalSection
	GlobalSection(SolutionProperties) = preSolution
		HideSolutionNode = FALSE
	EndGlobalSection
	GlobalSection(ExtensibilityGlobals) = postSolution
		SolutionGuid = {A632541E-0CB1-4FD1-88CA-674C91C43619}
	EndGlobalSection
EndGlobal
